lockfileVersion: '9.0'

settings:
  autoInstallPeers: true
  excludeLinksFromLockfile: false

importers:

  .:
    devDependencies:
      '@types/google-apps-script':
        specifier: ^2.0.7
        version: 2.0.7
      typescript:
        specifier: ^5.4.5
        version: 5.4.5

packages:

  '@types/google-apps-script@2.0.7':
    resolution: {integrity: sha512-Yd5ham8GJNPoKSMt9Ep+B5IJzmfsvSNkOF1DWGQDyz66+1O/Jw/TEe6fltJcTKRvNlCCH5ZaGmmYDOgadA8QYQ==}

  typescript@5.4.5:
    resolution: {integrity: sha512-vcI4UpRgg81oIRUFwR0WSIHKt11nJ7SAVlYNIu+QpqeyXP+gpQJy/Z4+F0aGxSE4MqwjyXvW/TzgkLAx2AGHwQ==}
    engines: {node: '>=14.17'}
    hasBin: true

snapshots:

  '@types/google-apps-script@2.0.7': {}

  typescript@5.4.5: {}
